
Microsoft Visual Studio Solution File, Format Version 12.00
# Visual Studio Version 17
VisualStudioVersion = 17.14.36221.1 d17.14
MinimumVisualStudioVersion = 10.0.40219.1
Project("{FAE04EC0-301F-11D3-BF4B-00C04F79EFBC}") = "Blockchain_Example1", "Blockchain_Example1\Blockchain_Example1.csproj", "{3F9D7F89-DE11-40DB-AF1B-3FA444B31212}"
EndProject
Global
	GlobalSection(SolutionConfigurationPlatforms) = preSolution
		Debug|Any CPU = Debug|Any CPU
		Release|Any CPU = Release|Any CPU
	EndGlobalSection
	GlobalSection(ProjectConfigurationPlatforms) = postSolution
		{3F9D7F89-DE11-40DB-AF1B-3FA444B31212}.Debug|Any CPU.ActiveCfg = Debug|Any CPU
		{3F9D7F89-DE11-40DB-AF1B-3FA444B31212}.Debug|Any CPU.Build.0 = Debug|Any CPU
		{3F9D7F89-DE11-40DB-AF1B-3FA444B31212}.Release|Any CPU.ActiveCfg = Release|Any CPU
		{3F9D7F89-DE11-40DB-AF1B-3FA444B31212}.Release|Any CPU.Build.0 = Release|Any CPU
	EndGlobalSection
	GlobalSection(SolutionProperties) = preSolution
		HideSolutionNode = FALSE
	EndGlobalSection
	GlobalSection(ExtensibilityGlobals) = postSolution
		SolutionGuid = {BAEDD838-1CD4-4261-86F0-643C2DACFB49}
	EndGlobalSection
EndGlobal
